
Microsoft Visual Studio Solution File, Format Version 12.00
# Visual Studio Version 17
VisualStudioVersion = 17.7.34031.279
MinimumVisualStudioVersion = 10.0.40219.1
Project("{9A19103F-16F7-4668-BE54-9A1E7A4F7556}") = "KI6LCZ_HFT_2023241.Client", "KI6LCZ_HFT_2023241.Client\KI6LCZ_HFT_2023241.Client.csproj", "{8BFEA323-D600-49C1-BB22-FDF392734FA9}"
EndProject
Project("{9A19103F-16F7-4668-BE54-9A1E7A4F7556}") = "KI6LCZ_HFT_2023241.Models", "KI6LCZ_HFT_2023241.Models\KI6LCZ_HFT_2023241.Models.csproj", "{9C065ED2-DC5A-4020-B81A-B863AA9C0A6B}"
EndProject
Project("{9A19103F-16F7-4668-BE54-9A1E7A4F7556}") = "KI6LCZ_HFT_2023241.Logic", "KI6LCZ_HFT_2023241.Logic\KI6LCZ_HFT_2023241.Logic.csproj", "{0F205D71-32CA-466C-9C83-0A14B1036873}"
EndProject
Project("{9A19103F-16F7-4668-BE54-9A1E7A4F7556}") = "KI6LCZ_HFT_2023241.Repository", "KI6LCZ_HFT_2023241.Repository\KI6LCZ_HFT_2023241.Repository.csproj", "{8FA4C588-DC7B-4AC2-82E4-7D45CC8E31B9}"
EndProject
Project("{9A19103F-16F7-4668-BE54-9A1E7A4F7556}") = "KI6LCZ_HFT_2023241.Test", "KI6LCZ_HFT_2023241.Test\KI6LCZ_HFT_2023241.Test.csproj", "{FA8861E4-8F96-48F1-BBE4-9936516B807E}"
EndProject
Project("{2150E333-8FDC-42A3-9474-1A3956D46DE8}") = "Backend", "Backend", "{4C5E131A-CE46-46F1-9E50-F90CA6B0B79A}"
EndProject
Project("{2150E333-8FDC-42A3-9474-1A3956D46DE8}") = "Frontend", "Frontend", "{FDFB069A-6057-4DB5-A9B3-6F0259067DE9}"
EndProject
Project("{2150E333-8FDC-42A3-9474-1A3956D46DE8}") = "Shared", "Shared", "{CE1400C9-7EAD-4CF6-800C-23AB81837857}"
EndProject
Project("{FAE04EC0-301F-11D3-BF4B-00C04F79EFBC}") = "KI6LCZ_HFT_2023241.Endpoint", "KI6LCZ_HFT_2023241.Endpoint\KI6LCZ_HFT_2023241.Endpoint.csproj", "{03B6D4D9-EF89-43D7-8DFB-3CC98DDCB70C}"
EndProject
Global
	GlobalSection(SolutionConfigurationPlatforms) = preSolution
		Debug|Any CPU = Debug|Any CPU
		Release|Any CPU = Release|Any CPU
	EndGlobalSection
	GlobalSection(ProjectConfigurationPlatforms) = postSolution
		{8BFEA323-D600-49C1-BB22-FDF392734FA9}.Debug|Any CPU.ActiveCfg = Debug|Any CPU
		{8BFEA323-D600-49C1-BB22-FDF392734FA9}.Debug|Any CPU.Build.0 = Debug|Any CPU
		{8BFEA323-D600-49C1-BB22-FDF392734FA9}.Release|Any CPU.ActiveCfg = Release|Any CPU
		{8BFEA323-D600-49C1-BB22-FDF392734FA9}.Release|Any CPU.Build.0 = Release|Any CPU
		{9C065ED2-DC5A-4020-B81A-B863AA9C0A6B}.Debug|Any CPU.ActiveCfg = Debug|Any CPU
		{9C065ED2-DC5A-4020-B81A-B863AA9C0A6B}.Debug|Any CPU.Build.0 = Debug|Any CPU
		{9C065ED2-DC5A-4020-B81A-B863AA9C0A6B}.Release|Any CPU.ActiveCfg = Release|Any CPU
		{9C065ED2-DC5A-4020-B81A-B863AA9C0A6B}.Release|Any CPU.Build.0 = Release|Any CPU
		{0F205D71-32CA-466C-9C83-0A14B1036873}.Debug|Any CPU.ActiveCfg = Debug|Any CPU
		{0F205D71-32CA-466C-9C83-0A14B1036873}.Debug|Any CPU.Build.0 = Debug|Any CPU
		{0F205D71-32CA-466C-9C83-0A14B1036873}.Release|Any CPU.ActiveCfg = Release|Any CPU
		{0F205D71-32CA-466C-9C83-0A14B1036873}.Release|Any CPU.Build.0 = Release|Any CPU
		{8FA4C588-DC7B-4AC2-82E4-7D45CC8E31B9}.Debug|Any CPU.ActiveCfg = Debug|Any CPU
		{8FA4C588-DC7B-4AC2-82E4-7D45CC8E31B9}.Debug|Any CPU.Build.0 = Debug|Any CPU
		{8FA4C588-DC7B-4AC2-82E4-7D45CC8E31B9}.Release|Any CPU.ActiveCfg = Release|Any CPU
		{8FA4C588-DC7B-4AC2-82E4-7D45CC8E31B9}.Release|Any CPU.Build.0 = Release|Any CPU
		{FA8861E4-8F96-48F1-BBE4-9936516B807E}.Debug|Any CPU.ActiveCfg = Debug|Any CPU
		{FA8861E4-8F96-48F1-BBE4-9936516B807E}.Debug|Any CPU.Build.0 = Debug|Any CPU
		{FA8861E4-8F96-48F1-BBE4-9936516B807E}.Release|Any CPU.ActiveCfg = Release|Any CPU
		{FA8861E4-8F96-48F1-BBE4-9936516B807E}.Release|Any CPU.Build.0 = Release|Any CPU
		{03B6D4D9-EF89-43D7-8DFB-3CC98DDCB70C}.Debug|Any CPU.ActiveCfg = Debug|Any CPU
		{03B6D4D9-EF89-43D7-8DFB-3CC98DDCB70C}.Debug|Any CPU.Build.0 = Debug|Any CPU
		{03B6D4D9-EF89-43D7-8DFB-3CC98DDCB70C}.Release|Any CPU.ActiveCfg = Release|Any CPU
		{03B6D4D9-EF89-43D7-8DFB-3CC98DDCB70C}.Release|Any CPU.Build.0 = Release|Any CPU
	EndGlobalSection
	GlobalSection(SolutionProperties) = preSolution
		HideSolutionNode = FALSE
	EndGlobalSection
	GlobalSection(NestedProjects) = preSolution
		{8BFEA323-D600-49C1-BB22-FDF392734FA9} = {FDFB069A-6057-4DB5-A9B3-6F0259067DE9}
		{9C065ED2-DC5A-4020-B81A-B863AA9C0A6B} = {CE1400C9-7EAD-4CF6-800C-23AB81837857}
		{0F205D71-32CA-466C-9C83-0A14B1036873} = {4C5E131A-CE46-46F1-9E50-F90CA6B0B79A}
		{8FA4C588-DC7B-4AC2-82E4-7D45CC8E31B9} = {4C5E131A-CE46-46F1-9E50-F90CA6B0B79A}
		{FA8861E4-8F96-48F1-BBE4-9936516B807E} = {4C5E131A-CE46-46F1-9E50-F90CA6B0B79A}
	EndGlobalSection
	GlobalSection(ExtensibilityGlobals) = postSolution
		SolutionGuid = {DFD3E7B7-AFF7-49B2-BAF5-DFDA5EC9B50D}
	EndGlobalSection
EndGlobal
